
Microsoft Visual Studio Solution File, Format Version 12.00
# Visual Studio Version 16
VisualStudioVersion = 16.0.30225.117
MinimumVisualStudioVersion = 10.0.40219.1
Project("{FAE04EC0-301F-11D3-BF4B-00C04F79EFBC}") = "WeatherApp.Service", "WeatherApp.Service\WeatherApp.Service.csproj", "{5ACAFA46-0BCB-4808-9D3C-8544C8F6EB41}"
EndProject
Project("{FAE04EC0-301F-11D3-BF4B-00C04F79EFBC}") = "WeatherApp.GUI", "WeatherApp.GUI\WeatherApp.GUI.csproj", "{98017433-3C8B-4FEB-B2F7-E584777D250F}"
EndProject
Project("{FAE04EC0-301F-11D3-BF4B-00C04F79EFBC}") = "WeatherApp.Tests", "WeatherApp.Tests\WeatherApp.Tests.csproj", "{57A82139-8F9F-4FC8-B973-647BA3D35D2E}"
EndProject
Project("{FAE04EC0-301F-11D3-BF4B-00C04F79EFBC}") = "WeatherApp.Data", "WeatherApp.Data\WeatherApp.Data.csproj", "{AE6D5F5B-9C13-4FB2-BF5D-5ABC5EB2480A}"
EndProject
Project("{FAE04EC0-301F-11D3-BF4B-00C04F79EFBC}") = "WeatherApp.WeatherApi", "WeatherApp.WeatherApi\WeatherApp.WeatherApi.csproj", "{198D0A95-14FF-42C1-B4B7-A4889080FB57}"
EndProject
Global
	GlobalSection(SolutionConfigurationPlatforms) = preSolution
		Debug|Any CPU = Debug|Any CPU
		Release|Any CPU = Release|Any CPU
	EndGlobalSection
	GlobalSection(ProjectConfigurationPlatforms) = postSolution
		{5ACAFA46-0BCB-4808-9D3C-8544C8F6EB41}.Debug|Any CPU.ActiveCfg = Debug|Any CPU
		{5ACAFA46-0BCB-4808-9D3C-8544C8F6EB41}.Debug|Any CPU.Build.0 = Debug|Any CPU
		{5ACAFA46-0BCB-4808-9D3C-8544C8F6EB41}.Release|Any CPU.ActiveCfg = Release|Any CPU
		{5ACAFA46-0BCB-4808-9D3C-8544C8F6EB41}.Release|Any CPU.Build.0 = Release|Any CPU
		{98017433-3C8B-4FEB-B2F7-E584777D250F}.Debug|Any CPU.ActiveCfg = Debug|Any CPU
		{98017433-3C8B-4FEB-B2F7-E584777D250F}.Debug|Any CPU.Build.0 = Debug|Any CPU
		{98017433-3C8B-4FEB-B2F7-E584777D250F}.Release|Any CPU.ActiveCfg = Release|Any CPU
		{98017433-3C8B-4FEB-B2F7-E584777D250F}.Release|Any CPU.Build.0 = Release|Any CPU
		{57A82139-8F9F-4FC8-B973-647BA3D35D2E}.Debug|Any CPU.ActiveCfg = Debug|Any CPU
		{57A82139-8F9F-4FC8-B973-647BA3D35D2E}.Debug|Any CPU.Build.0 = Debug|Any CPU
		{57A82139-8F9F-4FC8-B973-647BA3D35D2E}.Release|Any CPU.ActiveCfg = Release|Any CPU
		{57A82139-8F9F-4FC8-B973-647BA3D35D2E}.Release|Any CPU.Build.0 = Release|Any CPU
		{AE6D5F5B-9C13-4FB2-BF5D-5ABC5EB2480A}.Debug|Any CPU.ActiveCfg = Debug|Any CPU
		{AE6D5F5B-9C13-4FB2-BF5D-5ABC5EB2480A}.Debug|Any CPU.Build.0 = Debug|Any CPU
		{AE6D5F5B-9C13-4FB2-BF5D-5ABC5EB2480A}.Release|Any CPU.ActiveCfg = Release|Any CPU
		{AE6D5F5B-9C13-4FB2-BF5D-5ABC5EB2480A}.Release|Any CPU.Build.0 = Release|Any CPU
		{198D0A95-14FF-42C1-B4B7-A4889080FB57}.Debug|Any CPU.ActiveCfg = Debug|Any CPU
		{198D0A95-14FF-42C1-B4B7-A4889080FB57}.Debug|Any CPU.Build.0 = Debug|Any CPU
		{198D0A95-14FF-42C1-B4B7-A4889080FB57}.Release|Any CPU.ActiveCfg = Release|Any CPU
		{198D0A95-14FF-42C1-B4B7-A4889080FB57}.Release|Any CPU.Build.0 = Release|Any CPU
	EndGlobalSection
	GlobalSection(SolutionProperties) = preSolution
		HideSolutionNode = FALSE
	EndGlobalSection
	GlobalSection(ExtensibilityGlobals) = postSolution
		SolutionGuid = {1262EC82-5450-4FD6-AF0C-B488BE6F1C74}
	EndGlobalSection
EndGlobal
